// !$*UTF8*$!
{
	archiveVersion = 1;
	classes = {
	};
	objectVersion = 50;
	objects = {

/* Begin PBXBuildFile section */
		D6E1313223791E8500CE0E86 /* AppDelegate.swift in Sources */ = {isa = PBXBuildFile; fileRef = D6E1313123791E8500CE0E86 /* AppDelegate.swift */; };
		D6E1313423791E8500CE0E86 /* ViewController.swift in Sources */ = {isa = PBXBuildFile; fileRef = D6E1313323791E8500CE0E86 /* ViewController.swift */; };
		D6E1313723791E8500CE0E86 /* Main.storyboard in Resources */ = {isa = PBXBuildFile; fileRef = D6E1313523791E8500CE0E86 /* Main.storyboard */; };
		D6E1313A23791E8500CE0E86 /* arpitTestDemo.xcdatamodeld in Sources */ = {isa = PBXBuildFile; fileRef = D6E1313823791E8500CE0E86 /* arpitTestDemo.xcdatamodeld */; };
		D6E1313C23791E8800CE0E86 /* Assets.xcassets in Resources */ = {isa = PBXBuildFile; fileRef = D6E1313B23791E8800CE0E86 /* Assets.xcassets */; };
		D6E1313F23791E8800CE0E86 /* LaunchScreen.storyboard in Resources */ = {isa = PBXBuildFile; fileRef = D6E1313D23791E8800CE0E86 /* LaunchScreen.storyboard */; };
		D6E1314A23791E8900CE0E86 /* arpitTestDemoTests.swift in Sources */ = {isa = PBXBuildFile; fileRef = D6E1314923791E8900CE0E86 /* arpitTestDemoTests.swift */; };
		D6E1315523791E8900CE0E86 /* arpitTestDemoUITests.swift in Sources */ = {isa = PBXBuildFile; fileRef = D6E1315423791E8900CE0E86 /* arpitTestDemoUITests.swift */; };
/* End PBXBuildFile section */

/* Begin PBXContainerItemProxy section */
		D6E1314623791E8900CE0E86 /* PBXContainerItemProxy */ = {
			isa = PBXContainerItemProxy;
			containerPortal = D6E1312623791E8500CE0E86 /* Project object */;
			proxyType = 1;
			remoteGlobalIDString = D6E1312D23791E8500CE0E86;
			remoteInfo = arpitTestDemo;
		};
		D6E1315123791E8900CE0E86 /* PBXContainerItemProxy */ = {
			isa = PBXContainerItemProxy;
			containerPortal = D6E1312623791E8500CE0E86 /* Project object */;
			proxyType = 1;
			remoteGlobalIDString = D6E1312D23791E8500CE0E86;
			remoteInfo = arpitTestDemo;
		};
/* End PBXContainerItemProxy section */

/* Begin PBXFileReference section */
		D6E1312E23791E8500CE0E86 /* arpitTestDemo.app */ = {isa = PBXFileReference; explicitFileType = wrapper.application; includeInIndex = 0; path = arpitTestDemo.app; sourceTree = BUILT_PRODUCTS_DIR; };
		D6E1313123791E8500CE0E86 /* AppDelegate.swift */ = {isa = PBXFileReference; lastKnownFileType = sourcecode.swift; path = AppDelegate.swift; sourceTree = "<group>"; };
		D6E1313323791E8500CE0E86 /* ViewController.swift */ = {isa = PBXFileReference; lastKnownFileType = sourcecode.swift; path = ViewController.swift; sourceTree = "<group>"; };
		D6E1313623791E8500CE0E86 /* Base */ = {isa = PBXFileReference; lastKnownFileType = file.storyboard; name = Base; path = Base.lproj/Main.storyboard; sourceTree = "<group>"; };
		D6E1313923791E8500CE0E86 /* arpitTestDemo.xcdatamodel */ = {isa = PBXFileReference; lastKnownFileType = wrapper.xcdatamodel; path = arpitTestDemo.xcdatamodel; sourceTree = "<group>"; };
		D6E1313B23791E8800CE0E86 /* Assets.xcassets */ = {isa = PBXFileReference; lastKnownFileType = folder.assetcatalog; path = Assets.xcassets; sourceTree = "<group>"; };
		D6E1313E23791E8800CE0E86 /* Base */ = {isa = PBXFileReference; lastKnownFileType = file.storyboard; name = Base; path = Base.lproj/LaunchScreen.storyboard; sourceTree = "<group>"; };
		D6E1314023791E8800CE0E86 /* Info.plist */ = {isa = PBXFileReference; lastKnownFileType = text.plist.xml; path = Info.plist; sourceTree = "<group>"; };
		D6E1314523791E8900CE0E86 /* arpitTestDemoTests.xctest */ = {isa = PBXFileReference; explicitFileType = wrapper.cfbundle; includeInIndex = 0; path = arpitTestDemoTests.xctest; sourceTree = BUILT_PRODUCTS_DIR; };
		D6E1314923791E8900CE0E86 /* arpitTestDemoTests.swift */ = {isa = PBXFileReference; lastKnownFileType = sourcecode.swift; path = arpitTestDemoTests.swift; sourceTree = "<group>"; };
		D6E1314B23791E8900CE0E86 /* Info.plist */ = {isa = PBXFileReference; lastKnownFileType = text.plist.xml; path = Info.plist; sourceTree = "<group>"; };
		D6E1315023791E8900CE0E86 /* arpitTestDemoUITests.xctest */ = {isa = PBXFileReference; explicitFileType = wrapper.cfbundle; includeInIndex = 0; path = arpitTestDemoUITests.xctest; sourceTree = BUILT_PRODUCTS_DIR; };
		D6E1315423791E8900CE0E86 /* arpitTestDemoUITests.swift */ = {isa = PBXFileReference; lastKnownFileType = sourcecode.swift; path = arpitTestDemoUITests.swift; sourceTree = "<group>"; };
		D6E1315623791E8900CE0E86 /* Info.plist */ = {isa = PBXFileReference; lastKnownFileType = text.plist.xml; path = Info.plist; sourceTree = "<group>"; };
/* End PBXFileReference section */

/* Begin PBXFrameworksBuildPhase section */
		D6E1312B23791E8500CE0E86 /* Frameworks */ = {
			isa = PBXFrameworksBuildPhase;
			buildActionMask = 2147483647;
			files = (
			);
			runOnlyForDeploymentPostprocessing = 0;
		};
		D6E1314223791E8900CE0E86 /* Frameworks */ = {
			isa = PBXFrameworksBuildPhase;
			buildActionMask = 2147483647;
			files = (
			);
			runOnlyForDeploymentPostprocessing = 0;
		};
		D6E1314D23791E8900CE0E86 /* Frameworks */ = {
			isa = PBXFrameworksBuildPhase;
			buildActionMask = 2147483647;
			files = (
			);
			runOnlyForDeploymentPostprocessing = 0;
		};
/* End PBXFrameworksBuildPhase section */

/* Begin PBXGroup section */
		D6E1312523791E8500CE0E86 = {
			isa = PBXGroup;
			children = (
				D6E1313023791E8500CE0E86 /* arpitTestDemo */,
				D6E1314823791E8900CE0E86 /* arpitTestDemoTests */,
				D6E1315323791E8900CE0E86 /* arpitTestDemoUITests */,
				D6E1312F23791E8500CE0E86 /* Products */,
			);
			sourceTree = "<group>";
		};
		D6E1312F23791E8500CE0E86 /* Products */ = {
			isa = PBXGroup;
			children = (
				D6E1312E23791E8500CE0E86 /* arpitTestDemo.app */,
				D6E1314523791E8900CE0E86 /* arpitTestDemoTests.xctest */,
				D6E1315023791E8900CE0E86 /* arpitTestDemoUITests.xctest */,
			);
			name = Products;
			sourceTree = "<group>";
		};
		D6E1313023791E8500CE0E86 /* arpitTestDemo */ = {
			isa = PBXGroup;
			children = (
				D6E1313123791E8500CE0E86 /* AppDelegate.swift */,
				D6E1313323791E8500CE0E86 /* ViewController.swift */,
				D6E1313523791E8500CE0E86 /* Main.storyboard */,
				D6E1313B23791E8800CE0E86 /* Assets.xcassets */,
				D6E1313D23791E8800CE0E86 /* LaunchScreen.storyboard */,
				D6E1314023791E8800CE0E86 /* Info.plist */,
				D6E1313823791E8500CE0E86 /* arpitTestDemo.xcdatamodeld */,
			);
			path = arpitTestDemo;
			sourceTree = "<group>";
		};
		D6E1314823791E8900CE0E86 /* arpitTestDemoTests */ = {
			isa = PBXGroup;
			children = (
				D6E1314923791E8900CE0E86 /* arpitTestDemoTests.swift */,
				D6E1314B23791E8900CE0E86 /* Info.plist */,
			);
			path = arpitTestDemoTests;
			sourceTree = "<group>";
		};
		D6E1315323791E8900CE0E86 /* arpitTestDemoUITests */ = {
			isa = PBXGroup;
			children = (
				D6E1315423791E8900CE0E86 /* arpitTestDemoUITests.swift */,
				D6E1315623791E8900CE0E86 /* Info.plist */,
			);
			path = arpitTestDemoUITests;
			sourceTree = "<group>";
		};
/* End PBXGroup section */

/* Begin PBXNativeTarget section */
		D6E1312D23791E8500CE0E86 /* arpitTestDemo */ = {
			isa = PBXNativeTarget;
			buildConfigurationList = D6E1315923791E8900CE0E86 /* Build configuration list for PBXNativeTarget "arpitTestDemo" */;
			buildPhases = (
				D6E1312A23791E8500CE0E86 /* Sources */,
				D6E1312B23791E8500CE0E86 /* Frameworks */,
				D6E1312C23791E8500CE0E86 /* Resources */,
			);
			buildRules = (
			);
			dependencies = (
			);
			name = arpitTestDemo;
			productName = arpitTestDemo;
			productReference = D6E1312E23791E8500CE0E86 /* arpitTestDemo.app */;
			productType = "com.apple.product-type.application";
		};
		D6E1314423791E8900CE0E86 /* arpitTestDemoTests */ = {
			isa = PBXNativeTarget;
			buildConfigurationList = D6E1315C23791E8900CE0E86 /* Build configuration list for PBXNativeTarget "arpitTestDemoTests" */;
			buildPhases = (
				D6E1314123791E8900CE0E86 /* Sources */,
				D6E1314223791E8900CE0E86 /* Frameworks */,
				D6E1314323791E8900CE0E86 /* Resources */,
			);
			buildRules = (
			);
			dependencies = (
				D6E1314723791E8900CE0E86 /* PBXTargetDependency */,
			);
			name = arpitTestDemoTests;
			productName = arpitTestDemoTests;
			productReference = D6E1314523791E8900CE0E86 /* arpitTestDemoTests.xctest */;
			productType = "com.apple.product-type.bundle.unit-test";
		};
		D6E1314F23791E8900CE0E86 /* arpitTestDemoUITests */ = {
			isa = PBXNativeTarget;
			buildConfigurationList = D6E1315F23791E8900CE0E86 /* Build configuration list for PBXNativeTarget "arpitTestDemoUITests" */;
			buildPhases = (
				D6E1314C23791E8900CE0E86 /* Sources */,
				D6E1314D23791E8900CE0E86 /* Frameworks */,
				D6E1314E23791E8900CE0E86 /* Resources */,
			);
			buildRules = (
			);
			dependencies = (
				D6E1315223791E8900CE0E86 /* PBXTargetDependency */,
			);
			name = arpitTestDemoUITests;
			productName = arpitTestDemoUITests;
			productReference = D6E1315023791E8900CE0E86 /* arpitTestDemoUITests.xctest */;
			productType = "com.apple.product-type.bundle.ui-testing";
		};
/* End PBXNativeTarget section */

/* Begin PBXProject section */
		D6E1312623791E8500CE0E86 /* Project object */ = {
			isa = PBXProject;
			attributes = {
				LastSwiftUpdateCheck = 1030;
				LastUpgradeCheck = 1030;
				ORGANIZATIONNAME = Techugo;
				TargetAttributes = {
					D6E1312D23791E8500CE0E86 = {
						CreatedOnToolsVersion = 10.3;
					};
					D6E1314423791E8900CE0E86 = {
						CreatedOnToolsVersion = 10.3;
						TestTargetID = D6E1312D23791E8500CE0E86;
					};
					D6E1314F23791E8900CE0E86 = {
						CreatedOnToolsVersion = 10.3;
						TestTargetID = D6E1312D23791E8500CE0E86;
					};
				};
			};
			buildConfigurationList = D6E1312923791E8500CE0E86 /* Build configuration list for PBXProject "arpitTestDemo" */;
			compatibilityVersion = "Xcode 9.3";
			developmentRegion = en;
			hasScannedForEncodings = 0;
			knownRegions = (
				en,
				Base,
			);
			mainGroup = D6E1312523791E8500CE0E86;
			productRefGroup = D6E1312F23791E8500CE0E86 /* Products */;
			projectDirPath = "";
			projectRoot = "";
			targets = (
				D6E1312D23791E8500CE0E86 /* arpitTestDemo */,
				D6E1314423791E8900CE0E86 /* arpitTestDemoTests */,
				D6E1314F23791E8900CE0E86 /* arpitTestDemoUITests */,
			);
		};
/* End PBXProject section */

/* Begin PBXResourcesBuildPhase section */
		D6E1312C23791E8500CE0E86 /* Resources */ = {
			isa = PBXResourcesBuildPhase;
			buildActionMask = 2147483647;
			files = (
				D6E1313F23791E8800CE0E86 /* LaunchScreen.storyboard in Resources */,
				D6E1313C23791E8800CE0E86 /* Assets.xcassets in Resources */,
				D6E1313723791E8500CE0E86 /* Main.storyboard in Resources */,
			);
			runOnlyForDeploymentPostprocessing = 0;
		};
		D6E1314323791E8900CE0E86 /* Resources */ = {
			isa = PBXResourcesBuildPhase;
			buildActionMask = 2147483647;
			files = (
			);
			runOnlyForDeploymentPostprocessing = 0;
		};
		D6E1314E23791E8900CE0E86 /* Resources */ = {
			isa = PBXResourcesBuildPhase;
			buildActionMask = 2147483647;
			files = (
			);
			runOnlyForDeploymentPostprocessing = 0;
		};
/* End PBXResourcesBuildPhase section */

/* Begin PBXSourcesBuildPhase section */
		D6E1312A23791E8500CE0E86 /* Sources */ = {
			isa = PBXSourcesBuildPhase;
			buildActionMask = 2147483647;
			files = (
				D6E1313423791E8500CE0E86 /* ViewController.swift in Sources */,
				D6E1313A23791E8500CE0E86 /* arpitTestDemo.xcdatamodeld in Sources */,
				D6E1313223791E8500CE0E86 /* AppDelegate.swift in Sources */,
			);
			runOnlyForDeploymentPostprocessing = 0;
		};
		D6E1314123791E8900CE0E86 /* Sources */ = {
			isa = PBXSourcesBuildPhase;
			buildActionMask = 2147483647;
			files = (
				D6E1314A23791E8900CE0E86 /* arpitTestDemoTests.swift in Sources */,
			);
			runOnlyForDeploymentPostprocessing = 0;
		};
		D6E1314C23791E8900CE0E86 /* Sources */ = {
			isa = PBXSourcesBuildPhase;
			buildActionMask = 2147483647;
			files = (
				D6E1315523791E8900CE0E86 /* arpitTestDemoUITests.swift in Sources */,
			);
			runOnlyForDeploymentPostprocessing = 0;
		};
/* End PBXSourcesBuildPhase section */

/* Begin PBXTargetDependency section */
		D6E1314723791E8900CE0E86 /* PBXTargetDependency */ = {
			isa = PBXTargetDependency;
			target = D6E1312D23791E8500CE0E86 /* arpitTestDemo */;
			targetProxy = D6E1314623791E8900CE0E86 /* PBXContainerItemProxy */;
		};
		D6E1315223791E8900CE0E86 /* PBXTargetDependency */ = {
			isa = PBXTargetDependency;
			target = D6E1312D23791E8500CE0E86 /* arpitTestDemo */;
			targetProxy = D6E1315123791E8900CE0E86 /* PBXContainerItemProxy */;
		};
/* End PBXTargetDependency section */

/* Begin PBXVariantGroup section */
		D6E1313523791E8500CE0E86 /* Main.storyboard */ = {
			isa = PBXVariantGroup;
			children = (
				D6E1313623791E8500CE0E86 /* Base */,
			);
			name = Main.storyboard;
			sourceTree = "<group>";
		};
		D6E1313D23791E8800CE0E86 /* LaunchScreen.storyboard */ = {
			isa = PBXVariantGroup;
			children = (
				D6E1313E23791E8800CE0E86 /* Base */,
			);
			name = LaunchScreen.storyboard;
			sourceTree = "<group>";
		};
/* End PBXVariantGroup section */

/* Begin XCBuildConfiguration section */
		D6E1315723791E8900CE0E86 /* Debug */ = {
			isa = XCBuildConfiguration;
			buildSettings = {
				ALWAYS_SEARCH_USER_PATHS = NO;
				CLANG_ANALYZER_NONNULL = YES;
				CLANG_ANALYZER_NUMBER_OBJECT_CONVERSION = YES_AGGRESSIVE;
				CLANG_CXX_LANGUAGE_STANDARD = "gnu++14";
				CLANG_CXX_LIBRARY = "libc++";
				CLANG_ENABLE_MODULES = YES;
				CLANG_ENABLE_OBJC_ARC = YES;
				CLANG_ENABLE_OBJC_WEAK = YES;
				CLANG_WARN_BLOCK_CAPTURE_AUTORELEASING = YES;
				CLANG_WARN_BOOL_CONVERSION = YES;
				CLANG_WARN_COMMA = YES;
				CLANG_WARN_CONSTANT_CONVERSION = YES;
				CLANG_WARN_DEPRECATED_OBJC_IMPLEMENTATIONS = YES;
				CLANG_WARN_DIRECT_OBJC_ISA_USAGE = YES_ERROR;
				CLANG_WARN_DOCUMENTATION_COMMENTS = YES;
				CLANG_WARN_EMPTY_BODY = YES;
				CLANG_WARN_ENUM_CONVERSION = YES;
				CLANG_WARN_INFINITE_RECURSION = YES;
				CLANG_WARN_INT_CONVERSION = YES;
				CLANG_WARN_NON_LITERAL_NULL_CONVERSION = YES;
				CLANG_WARN_OBJC_IMPLICIT_RETAIN_SELF = YES;
				CLANG_WARN_OBJC_LITERAL_CONVERSION = YES;
				CLANG_WARN_OBJC_ROOT_CLASS = YES_ERROR;
				CLANG_WARN_RANGE_LOOP_ANALYSIS = YES;
				CLANG_WARN_STRICT_PROTOTYPES = YES;
				CLANG_WARN_SUSPICIOUS_MOVE = YES;
				CLANG_WARN_UNGUARDED_AVAILABILITY = YES_AGGRESSIVE;
				CLANG_WARN_UNREACHABLE_CODE = YES;
				CLANG_WARN__DUPLICATE_METHOD_MATCH = YES;
				CODE_SIGN_IDENTITY = "iPhone Developer";
				COPY_PHASE_STRIP = NO;
				DEBUG_INFORMATION_FORMAT = dwarf;
				ENABLE_STRICT_OBJC_MSGSEND = YES;
				ENABLE_TESTABILITY = YES;
				GCC_C_LANGUAGE_STANDARD = gnu11;
				GCC_DYNAMIC_NO_PIC = NO;
				GCC_NO_COMMON_BLOCKS = YES;
				GCC_OPTIMIZATION_LEVEL = 0;
				GCC_PREPROCESSOR_DEFINITIONS = (
					"DEBUG=1",
					"$(inherited)",
				);
				GCC_WARN_64_TO_32_BIT_CONVERSION = YES;
				GCC_WARN_ABOUT_RETURN_TYPE = YES_ERROR;
				GCC_WARN_UNDECLARED_SELECTOR = YES;
				GCC_WARN_UNINITIALIZED_AUTOS = YES_AGGRESSIVE;
				GCC_WARN_UNUSED_FUNCTION = YES;
				GCC_WARN_UNUSED_VARIABLE = YES;
				IPHONEOS_DEPLOYMENT_TARGET = 12.4;
				MTL_ENABLE_DEBUG_INFO = INCLUDE_SOURCE;
				MTL_FAST_MATH = YES;
				ONLY_ACTIVE_ARCH = YES;
				SDKROOT = iphoneos;
				SWIFT_ACTIVE_COMPILATION_CONDITIONS = DEBUG;
				SWIFT_OPTIMIZATION_LEVEL = "-Onone";
			};
			name = Debug;
		};
		D6E1315823791E8900CE0E86 /* Release */ = {
			isa = XCBuildConfiguration;
			buildSettings = {
				ALWAYS_SEARCH_USER_PATHS = NO;
				CLANG_ANALYZER_NONNULL = YES;
				CLANG_ANALYZER_NUMBER_OBJECT_CONVERSION = YES_AGGRESSIVE;
				CLANG_CXX_LANGUAGE_STANDARD = "gnu++14";
				CLANG_CXX_LIBRARY = "libc++";
				CLANG_ENABLE_MODULES = YES;
				CLANG_ENABLE_OBJC_ARC = YES;
				CLANG_ENABLE_OBJC_WEAK = YES;
				CLANG_WARN_BLOCK_CAPTURE_AUTORELEASING = YES;
				CLANG_WARN_BOOL_CONVERSION = YES;
				CLANG_WARN_COMMA = YES;
				CLANG_WARN_CONSTANT_CONVERSION = YES;
				CLANG_WARN_DEPRECATED_OBJC_IMPLEMENTATIONS = YES;
				CLANG_WARN_DIRECT_OBJC_ISA_USAGE = YES_ERROR;
				CLANG_WARN_DOCUMENTATION_COMMENTS = YES;
				CLANG_WARN_EMPTY_BODY = YES;
				CLANG_WARN_ENUM_CONVERSION = YES;
				CLANG_WARN_INFINITE_RECURSION = YES;
				CLANG_WARN_INT_CONVERSION = YES;
				CLANG_WARN_NON_LITERAL_NULL_CONVERSION = YES;
				CLANG_WARN_OBJC_IMPLICIT_RETAIN_SELF = YES;
				CLANG_WARN_OBJC_LITERAL_CONVERSION = YES;
				CLANG_WARN_OBJC_ROOT_CLASS = YES_ERROR;
				CLANG_WARN_RANGE_LOOP_ANALYSIS = YES;
				CLANG_WARN_STRICT_PROTOTYPES = YES;
				CLANG_WARN_SUSPICIOUS_MOVE = YES;
				CLANG_WARN_UNGUARDED_AVAILABILITY = YES_AGGRESSIVE;
				CLANG_WARN_UNREACHABLE_CODE = YES;
				CLANG_WARN__DUPLICATE_METHOD_MATCH = YES;
				CODE_SIGN_IDENTITY = "iPhone Developer";
				COPY_PHASE_STRIP = NO;
				DEBUG_INFORMATION_FORMAT = "dwarf-with-dsym";
				ENABLE_NS_ASSERTIONS = NO;
				ENABLE_STRICT_OBJC_MSGSEND = YES;
				GCC_C_LANGUAGE_STANDARD = gnu11;
				GCC_NO_COMMON_BLOCKS = YES;
				GCC_WARN_64_TO_32_BIT_CONVERSION = YES;
				GCC_WARN_ABOUT_RETURN_TYPE = YES_ERROR;
				GCC_WARN_UNDECLARED_SELECTOR = YES;
				GCC_WARN_UNINITIALIZED_AUTOS = YES_AGGRESSIVE;
				GCC_WARN_UNUSED_FUNCTION = YES;
				GCC_WARN_UNUSED_VARIABLE = YES;
				IPHONEOS_DEPLOYMENT_TARGET = 12.4;
				MTL_ENABLE_DEBUG_INFO = NO;
				MTL_FAST_MATH = YES;
				SDKROOT = iphoneos;
				SWIFT_COMPILATION_MODE = wholemodule;
				SWIFT_OPTIMIZATION_LEVEL = "-O";
				VALIDATE_PRODUCT = YES;
			};
			name = Release;
		};
		D6E1315A23791E8900CE0E86 /* Debug */ = {
			isa = XCBuildConfiguration;
			buildSettings = {
				ASSETCATALOG_COMPILER_APPICON_NAME = AppIcon;
				CODE_SIGN_STYLE = Automatic;
				INFOPLIST_FILE = arpitTestDemo/Info.plist;
				LD_RUNPATH_SEARCH_PATHS = (
					"$(inherited)",
					"@executable_path/Frameworks",
				);
				PRODUCT_BUNDLE_IDENTIFIER = com.techugo.arpitTestDemo;
				PRODUCT_NAME = "$(TARGET_NAME)";
				SWIFT_VERSION = 5.0;
				TARGETED_DEVICE_FAMILY = "1,2";
			};
			name = Debug;
		};
		D6E1315B23791E8900CE0E86 /* Release */ = {
			isa = XCBuildConfiguration;
			buildSettings = {
				ASSETCATALOG_COMPILER_APPICON_NAME = AppIcon;
				CODE_SIGN_STYLE = Automatic;
				INFOPLIST_FILE = arpitTestDemo/Info.plist;
				LD_RUNPATH_SEARCH_PATHS = (
					"$(inherited)",
					"@executable_path/Frameworks",
				);
				PRODUCT_BUNDLE_IDENTIFIER = com.techugo.arpitTestDemo;
				PRODUCT_NAME = "$(TARGET_NAME)";
				SWIFT_VERSION = 5.0;
				TARGETED_DEVICE_FAMILY = "1,2";
			};
			name = Release;
		};
		D6E1315D23791E8900CE0E86 /* Debug */ = {
			isa = XCBuildConfiguration;
			buildSettings = {
				ALWAYS_EMBED_SWIFT_STANDARD_LIBRARIES = YES;
				BUNDLE_LOADER = "$(TEST_HOST)";
				CODE_SIGN_STYLE = Automatic;
				INFOPLIST_FILE = arpitTestDemoTests/Info.plist;
				LD_RUNPATH_SEARCH_PATHS = (
					"$(inherited)",
					"@executable_path/Frameworks",
					"@loader_path/Frameworks",
				);
				PRODUCT_BUNDLE_IDENTIFIER = com.techugo.arpitTestDemoTests;
				PRODUCT_NAME = "$(TARGET_NAME)";
				SWIFT_VERSION = 5.0;
				TARGETED_DEVICE_FAMILY = "1,2";
				TEST_HOST = "$(BUILT_PRODUCTS_DIR)/arpitTestDemo.app/arpitTestDemo";
			};
			name = Debug;
		};
		D6E1315E23791E8900CE0E86 /* Release */ = {
			isa = XCBuildConfiguration;
			buildSettings = {
				ALWAYS_EMBED_SWIFT_STANDARD_LIBRARIES = YES;
				BUNDLE_LOADER = "$(TEST_HOST)";
				CODE_SIGN_STYLE = Automatic;
				INFOPLIST_FILE = arpitTestDemoTests/Info.plist;
				LD_RUNPATH_SEARCH_PATHS = (
					"$(inherited)",
					"@executable_path/Frameworks",
					"@loader_path/Frameworks",
				);
				PRODUCT_BUNDLE_IDENTIFIER = com.techugo.arpitTestDemoTests;
				PRODUCT_NAME = "$(TARGET_NAME)";
				SWIFT_VERSION = 5.0;
				TARGETED_DEVICE_FAMILY = "1,2";
				TEST_HOST = "$(BUILT_PRODUCTS_DIR)/arpitTestDemo.app/arpitTestDemo";
			};
			name = Release;
		};
		D6E1316023791E8900CE0E86 /* Debug */ = {
			isa = XCBuildConfiguration;
			buildSettings = {
				ALWAYS_EMBED_SWIFT_STANDARD_LIBRARIES = YES;
				CODE_SIGN_STYLE = Automatic;
				INFOPLIST_FILE = arpitTestDemoUITests/Info.plist;
				LD_RUNPATH_SEARCH_PATHS = (
					"$(inherited)",
					"@executable_path/Frameworks",
					"@loader_path/Frameworks",
				);
				PRODUCT_BUNDLE_IDENTIFIER = com.techugo.arpitTestDemoUITests;
				PRODUCT_NAME = "$(TARGET_NAME)";
				SWIFT_VERSION = 5.0;
				TARGETED_DEVICE_FAMILY = "1,2";
				TEST_TARGET_NAME = arpitTestDemo;
			};
			name = Debug;
		};
		D6E1316123791E8900CE0E86 /* Release */ = {
			isa = XCBuildConfiguration;
			buildSettings = {
				ALWAYS_EMBED_SWIFT_STANDARD_LIBRARIES = YES;
				CODE_SIGN_STYLE = Automatic;
				INFOPLIST_FILE = arpitTestDemoUITests/Info.plist;
				LD_RUNPATH_SEARCH_PATHS = (
					"$(inherited)",
					"@executable_path/Frameworks",
					"@loader_path/Frameworks",
				);
				PRODUCT_BUNDLE_IDENTIFIER = com.techugo.arpitTestDemoUITests;
				PRODUCT_NAME = "$(TARGET_NAME)";
				SWIFT_VERSION = 5.0;
				TARGETED_DEVICE_FAMILY = "1,2";
				TEST_TARGET_NAME = arpitTestDemo;
			};
			name = Release;
		};
/* End XCBuildConfiguration section */

/* Begin XCConfigurationList section */
		D6E1312923791E8500CE0E86 /* Build configuration list for PBXProject "arpitTestDemo" */ = {
			isa = XCConfigurationList;
			buildConfigurations = (
				D6E1315723791E8900CE0E86 /* Debug */,
				D6E1315823791E8900CE0E86 /* Release */,
			);
			defaultConfigurationIsVisible = 0;
			defaultConfigurationName = Release;
		};
		D6E1315923791E8900CE0E86 /* Build configuration list for PBXNativeTarget "arpitTestDemo" */ = {
			isa = XCConfigurationList;
			buildConfigurations = (
				D6E1315A23791E8900CE0E86 /* Debug */,
				D6E1315B23791E8900CE0E86 /* Release */,
			);
			defaultConfigurationIsVisible = 0;
			defaultConfigurationName = Release;
		};
		D6E1315C23791E8900CE0E86 /* Build configuration list for PBXNativeTarget "arpitTestDemoTests" */ = {
			isa = XCConfigurationList;
			buildConfigurations = (
				D6E1315D23791E8900CE0E86 /* Debug */,
				D6E1315E23791E8900CE0E86 /* Release */,
			);
			defaultConfigurationIsVisible = 0;
			defaultConfigurationName = Release;
		};
		D6E1315F23791E8900CE0E86 /* Build configuration list for PBXNativeTarget "arpitTestDemoUITests" */ = {
			isa = XCConfigurationList;
			buildConfigurations = (
				D6E1316023791E8900CE0E86 /* Debug */,
				D6E1316123791E8900CE0E86 /* Release */,
			);
			defaultConfigurationIsVisible = 0;
			defaultConfigurationName = Release;
		};
/* End XCConfigurationList section */

/* Begin XCVersionGroup section */
		D6E1313823791E8500CE0E86 /* arpitTestDemo.xcdatamodeld */ = {
			isa = XCVersionGroup;
			children = (
				D6E1313923791E8500CE0E86 /* arpitTestDemo.xcdatamodel */,
			);
			currentVersion = D6E1313923791E8500CE0E86 /* arpitTestDemo.xcdatamodel */;
			path = arpitTestDemo.xcdatamodeld;
			sourceTree = "<group>";
			versionGroupType = wrapper.xcdatamodel;
		};
/* End XCVersionGroup section */
	};
	rootObject = D6E1312623791E8500CE0E86 /* Project object */;
}
